
Microsoft Visual Studio Solution File, Format Version 12.00
# Visual Studio Version 16
VisualStudioVersion = 16.0.29025.244
MinimumVisualStudioVersion = 10.0.40219.1
Project("{FAE04EC0-301F-11D3-BF4B-00C04F79EFBC}") = "demo", "demo\demo.csproj", "{99A282F2-EA37-49D0-8921-7AD1436A9C83}"
	ProjectSection(ProjectDependencies) = postProject
		{2015AF5E-653F-4165-B3E1-467AEDBC141F} = {2015AF5E-653F-4165-B3E1-467AEDBC141F}
		{BD3336A8-DC76-47E8-B7D0-4995DB4FA6F7} = {BD3336A8-DC76-47E8-B7D0-4995DB4FA6F7}
		{B9A25AD8-2954-4F5A-9ACC-24A08DC7C2B1} = {B9A25AD8-2954-4F5A-9ACC-24A08DC7C2B1}
	EndProjectSection
EndProject
Project("{FAE04EC0-301F-11D3-BF4B-00C04F79EFBC}") = "jquery-dropdownlist", "jquery-dropdownlist\jquery-dropdownlist.csproj", "{2015AF5E-653F-4165-B3E1-467AEDBC141F}"
EndProject
Project("{FAE04EC0-301F-11D3-BF4B-00C04F79EFBC}") = "jquery-dropdownlist.tests", "jquery-dropdownlist.tests\jquery-dropdownlist.tests.csproj", "{4E0CDFD5-D3E6-4FDD-9C80-6C3756E01026}"
EndProject
Project("{FAE04EC0-301F-11D3-BF4B-00C04F79EFBC}") = "jquery-dropdownlist.MVC", "jquery-dropdownlist.MVC\jquery-dropdownlist.MVC.csproj", "{BD3336A8-DC76-47E8-B7D0-4995DB4FA6F7}"
	ProjectSection(ProjectDependencies) = postProject
		{2015AF5E-653F-4165-B3E1-467AEDBC141F} = {2015AF5E-653F-4165-B3E1-467AEDBC141F}
	EndProjectSection
EndProject
Project("{FAE04EC0-301F-11D3-BF4B-00C04F79EFBC}") = "jquery-dropdownlist.MVC.tests", "jquery-dropdownlist.MVC.tests\jquery-dropdownlist.MVC.tests.csproj", "{2D7FDB7C-7AA7-4AC2-88A0-7549FF529897}"
EndProject
Project("{FAE04EC0-301F-11D3-BF4B-00C04F79EFBC}") = "jquery-datagridview", "jquery-datagridview\jquery-datagridview.csproj", "{0885051B-8A62-437E-86AA-27C96DC555E4}"
EndProject
Project("{FAE04EC0-301F-11D3-BF4B-00C04F79EFBC}") = "jquery-datagridview.tests", "jquery-datagridview.tests\jquery-datagridview.tests.csproj", "{70C64D35-A6A0-4669-B328-F179B23AD295}"
EndProject
Project("{FAE04EC0-301F-11D3-BF4B-00C04F79EFBC}") = "jquery-rangeslider", "jquery-rangeslider\jquery-rangeslider.csproj", "{3E389F46-6EEF-431B-AEEE-FFA05DDE3BAF}"
EndProject
Project("{FAE04EC0-301F-11D3-BF4B-00C04F79EFBC}") = "jquery-rangeslider.tests", "jquery-rangeslider.tests\jquery-rangeslider.tests.csproj", "{75268E3F-9343-4055-8E79-B8561AFD9015}"
EndProject
Project("{FAE04EC0-301F-11D3-BF4B-00C04F79EFBC}") = "jquery-numericinput", "jquery-numericinput\jquery-numericinput.csproj", "{FB0DCD6A-23A7-4653-8886-677E1B27E12D}"
EndProject
Project("{FAE04EC0-301F-11D3-BF4B-00C04F79EFBC}") = "jquery-numericinput.tests", "jquery-numericinput.tests\jquery-numericinput.tests.csproj", "{3E174A8B-6F09-4B2A-9EC3-4185D99A2068}"
EndProject
Project("{FAE04EC0-301F-11D3-BF4B-00C04F79EFBC}") = "jquery-treeview", "jquery-treeview\jquery-treeview.csproj", "{B9A25AD8-2954-4F5A-9ACC-24A08DC7C2B1}"
EndProject
Project("{FAE04EC0-301F-11D3-BF4B-00C04F79EFBC}") = "jquery-treeview.tests", "jquery-treeview.tests\jquery-treeview.tests.csproj", "{48A9ABA8-196F-4927-8C7B-E460554A09F8}"
EndProject
Global
	GlobalSection(SolutionConfigurationPlatforms) = preSolution
		Debug|Any CPU = Debug|Any CPU
		Release|Any CPU = Release|Any CPU
	EndGlobalSection
	GlobalSection(ProjectConfigurationPlatforms) = postSolution
		{99A282F2-EA37-49D0-8921-7AD1436A9C83}.Debug|Any CPU.ActiveCfg = Debug|Any CPU
		{99A282F2-EA37-49D0-8921-7AD1436A9C83}.Debug|Any CPU.Build.0 = Debug|Any CPU
		{99A282F2-EA37-49D0-8921-7AD1436A9C83}.Release|Any CPU.ActiveCfg = Release|Any CPU
		{99A282F2-EA37-49D0-8921-7AD1436A9C83}.Release|Any CPU.Build.0 = Release|Any CPU
		{2015AF5E-653F-4165-B3E1-467AEDBC141F}.Debug|Any CPU.ActiveCfg = Debug|Any CPU
		{2015AF5E-653F-4165-B3E1-467AEDBC141F}.Debug|Any CPU.Build.0 = Debug|Any CPU
		{2015AF5E-653F-4165-B3E1-467AEDBC141F}.Release|Any CPU.ActiveCfg = Release|Any CPU
		{2015AF5E-653F-4165-B3E1-467AEDBC141F}.Release|Any CPU.Build.0 = Release|Any CPU
		{4E0CDFD5-D3E6-4FDD-9C80-6C3756E01026}.Debug|Any CPU.ActiveCfg = Debug|Any CPU
		{4E0CDFD5-D3E6-4FDD-9C80-6C3756E01026}.Debug|Any CPU.Build.0 = Debug|Any CPU
		{4E0CDFD5-D3E6-4FDD-9C80-6C3756E01026}.Release|Any CPU.ActiveCfg = Release|Any CPU
		{4E0CDFD5-D3E6-4FDD-9C80-6C3756E01026}.Release|Any CPU.Build.0 = Release|Any CPU
		{BD3336A8-DC76-47E8-B7D0-4995DB4FA6F7}.Debug|Any CPU.ActiveCfg = Debug|Any CPU
		{BD3336A8-DC76-47E8-B7D0-4995DB4FA6F7}.Debug|Any CPU.Build.0 = Debug|Any CPU
		{BD3336A8-DC76-47E8-B7D0-4995DB4FA6F7}.Release|Any CPU.ActiveCfg = Release|Any CPU
		{BD3336A8-DC76-47E8-B7D0-4995DB4FA6F7}.Release|Any CPU.Build.0 = Release|Any CPU
		{2D7FDB7C-7AA7-4AC2-88A0-7549FF529897}.Debug|Any CPU.ActiveCfg = Debug|Any CPU
		{2D7FDB7C-7AA7-4AC2-88A0-7549FF529897}.Debug|Any CPU.Build.0 = Debug|Any CPU
		{2D7FDB7C-7AA7-4AC2-88A0-7549FF529897}.Release|Any CPU.ActiveCfg = Release|Any CPU
		{2D7FDB7C-7AA7-4AC2-88A0-7549FF529897}.Release|Any CPU.Build.0 = Release|Any CPU
		{0885051B-8A62-437E-86AA-27C96DC555E4}.Debug|Any CPU.ActiveCfg = Debug|Any CPU
		{0885051B-8A62-437E-86AA-27C96DC555E4}.Debug|Any CPU.Build.0 = Debug|Any CPU
		{0885051B-8A62-437E-86AA-27C96DC555E4}.Release|Any CPU.ActiveCfg = Release|Any CPU
		{0885051B-8A62-437E-86AA-27C96DC555E4}.Release|Any CPU.Build.0 = Release|Any CPU
		{70C64D35-A6A0-4669-B328-F179B23AD295}.Debug|Any CPU.ActiveCfg = Debug|Any CPU
		{70C64D35-A6A0-4669-B328-F179B23AD295}.Debug|Any CPU.Build.0 = Debug|Any CPU
		{70C64D35-A6A0-4669-B328-F179B23AD295}.Release|Any CPU.ActiveCfg = Release|Any CPU
		{70C64D35-A6A0-4669-B328-F179B23AD295}.Release|Any CPU.Build.0 = Release|Any CPU
		{3E389F46-6EEF-431B-AEEE-FFA05DDE3BAF}.Debug|Any CPU.ActiveCfg = Debug|Any CPU
		{3E389F46-6EEF-431B-AEEE-FFA05DDE3BAF}.Debug|Any CPU.Build.0 = Debug|Any CPU
		{3E389F46-6EEF-431B-AEEE-FFA05DDE3BAF}.Release|Any CPU.ActiveCfg = Release|Any CPU
		{3E389F46-6EEF-431B-AEEE-FFA05DDE3BAF}.Release|Any CPU.Build.0 = Release|Any CPU
		{75268E3F-9343-4055-8E79-B8561AFD9015}.Debug|Any CPU.ActiveCfg = Debug|Any CPU
		{75268E3F-9343-4055-8E79-B8561AFD9015}.Debug|Any CPU.Build.0 = Debug|Any CPU
		{75268E3F-9343-4055-8E79-B8561AFD9015}.Release|Any CPU.ActiveCfg = Release|Any CPU
		{75268E3F-9343-4055-8E79-B8561AFD9015}.Release|Any CPU.Build.0 = Release|Any CPU
		{FB0DCD6A-23A7-4653-8886-677E1B27E12D}.Debug|Any CPU.ActiveCfg = Debug|Any CPU
		{FB0DCD6A-23A7-4653-8886-677E1B27E12D}.Debug|Any CPU.Build.0 = Debug|Any CPU
		{FB0DCD6A-23A7-4653-8886-677E1B27E12D}.Release|Any CPU.ActiveCfg = Release|Any CPU
		{FB0DCD6A-23A7-4653-8886-677E1B27E12D}.Release|Any CPU.Build.0 = Release|Any CPU
		{3E174A8B-6F09-4B2A-9EC3-4185D99A2068}.Debug|Any CPU.ActiveCfg = Debug|Any CPU
		{3E174A8B-6F09-4B2A-9EC3-4185D99A2068}.Debug|Any CPU.Build.0 = Debug|Any CPU
		{3E174A8B-6F09-4B2A-9EC3-4185D99A2068}.Release|Any CPU.ActiveCfg = Release|Any CPU
		{3E174A8B-6F09-4B2A-9EC3-4185D99A2068}.Release|Any CPU.Build.0 = Release|Any CPU
		{B9A25AD8-2954-4F5A-9ACC-24A08DC7C2B1}.Debug|Any CPU.ActiveCfg = Debug|Any CPU
		{B9A25AD8-2954-4F5A-9ACC-24A08DC7C2B1}.Debug|Any CPU.Build.0 = Debug|Any CPU
		{B9A25AD8-2954-4F5A-9ACC-24A08DC7C2B1}.Release|Any CPU.ActiveCfg = Release|Any CPU
		{B9A25AD8-2954-4F5A-9ACC-24A08DC7C2B1}.Release|Any CPU.Build.0 = Release|Any CPU
		{48A9ABA8-196F-4927-8C7B-E460554A09F8}.Debug|Any CPU.ActiveCfg = Debug|Any CPU
		{48A9ABA8-196F-4927-8C7B-E460554A09F8}.Debug|Any CPU.Build.0 = Debug|Any CPU
		{48A9ABA8-196F-4927-8C7B-E460554A09F8}.Release|Any CPU.ActiveCfg = Release|Any CPU
		{48A9ABA8-196F-4927-8C7B-E460554A09F8}.Release|Any CPU.Build.0 = Release|Any CPU
	EndGlobalSection
	GlobalSection(SolutionProperties) = preSolution
		HideSolutionNode = FALSE
	EndGlobalSection
	GlobalSection(ExtensibilityGlobals) = postSolution
		SolutionGuid = {23B260C6-B89F-4087-9247-0B86C305E837}
	EndGlobalSection
EndGlobal
