
Microsoft Visual Studio Solution File, Format Version 12.00
# Visual Studio Version 16
VisualStudioVersion = 16.0.29025.244
MinimumVisualStudioVersion = 10.0.40219.1
Project("{FAE04EC0-301F-11D3-BF4B-00C04F79EFBC}") = "Playground", "Playground\Playground.csproj", "{99A282F2-EA37-49D0-8921-7AD1436A9C83}"
EndProject
Global
	GlobalSection(SolutionConfigurationPlatforms) = preSolution
		Debug|Any CPU = Debug|Any CPU
		Release|Any CPU = Release|Any CPU
	EndGlobalSection
	GlobalSection(ProjectConfigurationPlatforms) = postSolution
		{99A282F2-EA37-49D0-8921-7AD1436A9C83}.Debug|Any CPU.ActiveCfg = Debug|Any CPU
		{99A282F2-EA37-49D0-8921-7AD1436A9C83}.Debug|Any CPU.Build.0 = Debug|Any CPU
		{99A282F2-EA37-49D0-8921-7AD1436A9C83}.Release|Any CPU.ActiveCfg = Release|Any CPU
		{99A282F2-EA37-49D0-8921-7AD1436A9C83}.Release|Any CPU.Build.0 = Release|Any CPU
	EndGlobalSection
	GlobalSection(SolutionProperties) = preSolution
		HideSolutionNode = FALSE
	EndGlobalSection
	GlobalSection(ExtensibilityGlobals) = postSolution
		SolutionGuid = {23B260C6-B89F-4087-9247-0B86C305E837}
	EndGlobalSection
EndGlobal
